// !$*UTF8*$!
{
	archiveVersion = 1;
	classes = {
	};
	objectVersion = 55;
	objects = {

/* Begin PBXBuildFile section */
		72D7AE8E2EFA885700B0EF3A /* Assets.xcassets in Resources */ = {isa = PBXBuildFile; fileRef = 72D7AE8B2EFA885700B0EF3A /* Assets.xcassets */; };
		72D7AE8F2EFA885700B0EF3A /* OneMoreDrawApp.swift in Sources */ = {isa = PBXBuildFile; fileRef = 72D7AE8C2EFA885700B0EF3A /* OneMoreDrawApp.swift */; };
		72D7AE9A2EFA888700B0EF3A /* View+Extensions.swift in Sources */ = {isa = PBXBuildFile; fileRef = 72D7AE912EFA888700B0EF3A /* View+Extensions.swift */; };
		72D7AE9B2EFA888700B0EF3A /* Color+Extensions.swift in Sources */ = {isa = PBXBuildFile; fileRef = 72D7AE922EFA888700B0EF3A /* Color+Extensions.swift */; };
		72D7AE9C2EFA888700B0EF3A /* ShapeStyle+Extensions.swift in Sources */ = {isa = PBXBuildFile; fileRef = 72D7AE932EFA888700B0EF3A /* ShapeStyle+Extensions.swift */; };
		72D7AE9D2EFA888700B0EF3A /* OMLaunchView.swift in Sources */ = {isa = PBXBuildFile; fileRef = 72D7AE972EFA888700B0EF3A /* OMLaunchView.swift */; };
		72D7AE9E2EFA888700B0EF3A /* OMHomeWebView.swift in Sources */ = {isa = PBXBuildFile; fileRef = 72D7AE952EFA888700B0EF3A /* OMHomeWebView.swift */; };
		D8A0C301671627858079CDF0 /* Pods_OneMoreDraw.framework in Frameworks */ = {isa = PBXBuildFile; fileRef = 7DD4B627447F45FD566695C4 /* Pods_OneMoreDraw.framework */; };
/* End PBXBuildFile section */

/* Begin PBXFileReference section */
		72D7AE7C2EFA883700B0EF3A /* OneMoreDraw.app */ = {isa = PBXFileReference; explicitFileType = wrapper.application; includeInIndex = 0; path = OneMoreDraw.app; sourceTree = BUILT_PRODUCTS_DIR; };
		72D7AE8B2EFA885700B0EF3A /* Assets.xcassets */ = {isa = PBXFileReference; lastKnownFileType = folder.assetcatalog; path = Assets.xcassets; sourceTree = "<group>"; };
		72D7AE8C2EFA885700B0EF3A /* OneMoreDrawApp.swift */ = {isa = PBXFileReference; lastKnownFileType = sourcecode.swift; path = OneMoreDrawApp.swift; sourceTree = "<group>"; };
		72D7AE912EFA888700B0EF3A /* View+Extensions.swift */ = {isa = PBXFileReference; lastKnownFileType = sourcecode.swift; path = "View+Extensions.swift"; sourceTree = "<group>"; };
		72D7AE922EFA888700B0EF3A /* Color+Extensions.swift */ = {isa = PBXFileReference; lastKnownFileType = sourcecode.swift; path = "Color+Extensions.swift"; sourceTree = "<group>"; };
		72D7AE932EFA888700B0EF3A /* ShapeStyle+Extensions.swift */ = {isa = PBXFileReference; lastKnownFileType = sourcecode.swift; path = "ShapeStyle+Extensions.swift"; sourceTree = "<group>"; };
		72D7AE952EFA888700B0EF3A /* OMHomeWebView.swift */ = {isa = PBXFileReference; lastKnownFileType = sourcecode.swift; path = OMHomeWebView.swift; sourceTree = "<group>"; };
		72D7AE972EFA888700B0EF3A /* OMLaunchView.swift */ = {isa = PBXFileReference; lastKnownFileType = sourcecode.swift; path = OMLaunchView.swift; sourceTree = "<group>"; };
		72D7AE9F2EFA88D700B0EF3A /* Info.plist */ = {isa = PBXFileReference; lastKnownFileType = text.plist; path = Info.plist; sourceTree = "<group>"; };
		733CA99F455BAAE3FECEBCBA /* Pods-OneMoreDraw.debug.xcconfig */ = {isa = PBXFileReference; includeInIndex = 1; lastKnownFileType = text.xcconfig; name = "Pods-OneMoreDraw.debug.xcconfig"; path = "Target Support Files/Pods-OneMoreDraw/Pods-OneMoreDraw.debug.xcconfig"; sourceTree = "<group>"; };
		7DD4B627447F45FD566695C4 /* Pods_OneMoreDraw.framework */ = {isa = PBXFileReference; explicitFileType = wrapper.framework; includeInIndex = 0; path = Pods_OneMoreDraw.framework; sourceTree = BUILT_PRODUCTS_DIR; };
		F3627B6C11B0E2B09F0A797D /* Pods-OneMoreDraw.release.xcconfig */ = {isa = PBXFileReference; includeInIndex = 1; lastKnownFileType = text.xcconfig; name = "Pods-OneMoreDraw.release.xcconfig"; path = "Target Support Files/Pods-OneMoreDraw/Pods-OneMoreDraw.release.xcconfig"; sourceTree = "<group>"; };
/* End PBXFileReference section */

/* Begin PBXFrameworksBuildPhase section */
		72D7AE792EFA883700B0EF3A /* Frameworks */ = {
			isa = PBXFrameworksBuildPhase;
			buildActionMask = 2147483647;
			files = (
				D8A0C301671627858079CDF0 /* Pods_OneMoreDraw.framework in Frameworks */,
			);
			runOnlyForDeploymentPostprocessing = 0;
		};
/* End PBXFrameworksBuildPhase section */

/* Begin PBXGroup section */
		1F8390C68765A8352D91F4B3 /* Frameworks */ = {
			isa = PBXGroup;
			children = (
				7DD4B627447F45FD566695C4 /* Pods_OneMoreDraw.framework */,
			);
			name = Frameworks;
			sourceTree = "<group>";
		};
		72D7AE732EFA883700B0EF3A = {
			isa = PBXGroup;
			children = (
				72D7AE8D2EFA885700B0EF3A /* OneMoreDraw */,
				72D7AE7D2EFA883700B0EF3A /* Products */,
				B2728E70B171019A9890C843 /* Pods */,
				1F8390C68765A8352D91F4B3 /* Frameworks */,
			);
			sourceTree = "<group>";
		};
		72D7AE7D2EFA883700B0EF3A /* Products */ = {
			isa = PBXGroup;
			children = (
				72D7AE7C2EFA883700B0EF3A /* OneMoreDraw.app */,
			);
			name = Products;
			sourceTree = "<group>";
		};
		72D7AE8D2EFA885700B0EF3A /* OneMoreDraw */ = {
			isa = PBXGroup;
			children = (
				72D7AE9F2EFA88D700B0EF3A /* Info.plist */,
				72D7AE942EFA888700B0EF3A /* Extensions */,
				72D7AE992EFA888700B0EF3A /* Screens */,
				72D7AE902EFA885B00B0EF3A /* App */,
				72D7AE8B2EFA885700B0EF3A /* Assets.xcassets */,
			);
			path = OneMoreDraw;
			sourceTree = "<group>";
		};
		72D7AE902EFA885B00B0EF3A /* App */ = {
			isa = PBXGroup;
			children = (
				72D7AE8C2EFA885700B0EF3A /* OneMoreDrawApp.swift */,
			);
			path = App;
			sourceTree = "<group>";
		};
		72D7AE942EFA888700B0EF3A /* Extensions */ = {
			isa = PBXGroup;
			children = (
				72D7AE912EFA888700B0EF3A /* View+Extensions.swift */,
				72D7AE922EFA888700B0EF3A /* Color+Extensions.swift */,
				72D7AE932EFA888700B0EF3A /* ShapeStyle+Extensions.swift */,
			);
			path = Extensions;
			sourceTree = "<group>";
		};
		72D7AE962EFA888700B0EF3A /* HomeWebScreen */ = {
			isa = PBXGroup;
			children = (
				72D7AE952EFA888700B0EF3A /* OMHomeWebView.swift */,
			);
			path = HomeWebScreen;
			sourceTree = "<group>";
		};
		72D7AE982EFA888700B0EF3A /* LaunchScreen */ = {
			isa = PBXGroup;
			children = (
				72D7AE972EFA888700B0EF3A /* OMLaunchView.swift */,
			);
			path = LaunchScreen;
			sourceTree = "<group>";
		};
		72D7AE992EFA888700B0EF3A /* Screens */ = {
			isa = PBXGroup;
			children = (
				72D7AE962EFA888700B0EF3A /* HomeWebScreen */,
				72D7AE982EFA888700B0EF3A /* LaunchScreen */,
			);
			path = Screens;
			sourceTree = "<group>";
		};
		B2728E70B171019A9890C843 /* Pods */ = {
			isa = PBXGroup;
			children = (
				733CA99F455BAAE3FECEBCBA /* Pods-OneMoreDraw.debug.xcconfig */,
				F3627B6C11B0E2B09F0A797D /* Pods-OneMoreDraw.release.xcconfig */,
			);
			name = Pods;
			path = Pods;
			sourceTree = "<group>";
		};
/* End PBXGroup section */

/* Begin PBXNativeTarget section */
		72D7AE7B2EFA883700B0EF3A /* OneMoreDraw */ = {
			isa = PBXNativeTarget;
			buildConfigurationList = 72D7AE882EFA883800B0EF3A /* Build configuration list for PBXNativeTarget "OneMoreDraw" */;
			buildPhases = (
				286FDD717FB0D216A9E19681 /* [CP] Check Pods Manifest.lock */,
				72D7AE782EFA883700B0EF3A /* Sources */,
				72D7AE792EFA883700B0EF3A /* Frameworks */,
				72D7AE7A2EFA883700B0EF3A /* Resources */,
			);
			buildRules = (
			);
			dependencies = (
			);
			name = OneMoreDraw;
			productName = OneMoreDraw;
			productReference = 72D7AE7C2EFA883700B0EF3A /* OneMoreDraw.app */;
			productType = "com.apple.product-type.application";
		};
/* End PBXNativeTarget section */

/* Begin PBXProject section */
		72D7AE742EFA883700B0EF3A /* Project object */ = {
			isa = PBXProject;
			attributes = {
				BuildIndependentTargetsInParallel = 1;
				LastSwiftUpdateCheck = 1630;
				LastUpgradeCheck = 1630;
				TargetAttributes = {
					72D7AE7B2EFA883700B0EF3A = {
						CreatedOnToolsVersion = 16.3;
					};
				};
			};
			buildConfigurationList = 72D7AE772EFA883700B0EF3A /* Build configuration list for PBXProject "OneMoreDraw" */;
			developmentRegion = en;
			hasScannedForEncodings = 0;
			knownRegions = (
				en,
				Base,
			);
			mainGroup = 72D7AE732EFA883700B0EF3A;
			minimizedProjectReferenceProxies = 1;
			preferredProjectObjectVersion = 55;
			productRefGroup = 72D7AE7D2EFA883700B0EF3A /* Products */;
			projectDirPath = "";
			projectRoot = "";
			targets = (
				72D7AE7B2EFA883700B0EF3A /* OneMoreDraw */,
			);
		};
/* End PBXProject section */

/* Begin PBXResourcesBuildPhase section */
		72D7AE7A2EFA883700B0EF3A /* Resources */ = {
			isa = PBXResourcesBuildPhase;
			buildActionMask = 2147483647;
			files = (
				72D7AE8E2EFA885700B0EF3A /* Assets.xcassets in Resources */,
			);
			runOnlyForDeploymentPostprocessing = 0;
		};
/* End PBXResourcesBuildPhase section */

/* Begin PBXShellScriptBuildPhase section */
		286FDD717FB0D216A9E19681 /* [CP] Check Pods Manifest.lock */ = {
			isa = PBXShellScriptBuildPhase;
			buildActionMask = 2147483647;
			files = (
			);
			inputFileListPaths = (
			);
			inputPaths = (
				"${PODS_PODFILE_DIR_PATH}/Podfile.lock",
				"${PODS_ROOT}/Manifest.lock",
			);
			name = "[CP] Check Pods Manifest.lock";
			outputFileListPaths = (
			);
			outputPaths = (
				"$(DERIVED_FILE_DIR)/Pods-OneMoreDraw-checkManifestLockResult.txt",
			);
			runOnlyForDeploymentPostprocessing = 0;
			shellPath = /bin/sh;
			shellScript = "diff \"${PODS_PODFILE_DIR_PATH}/Podfile.lock\" \"${PODS_ROOT}/Manifest.lock\" > /dev/null\nif [ $? != 0 ] ; then\n    # print error to STDERR\n    echo \"error: The sandbox is not in sync with the Podfile.lock. Run 'pod install' or update your CocoaPods installation.\" >&2\n    exit 1\nfi\n# This output is used by Xcode 'outputs' to avoid re-running this script phase.\necho \"SUCCESS\" > \"${SCRIPT_OUTPUT_FILE_0}\"\n";
			showEnvVarsInLog = 0;
		};
/* End PBXShellScriptBuildPhase section */

/* Begin PBXSourcesBuildPhase section */
		72D7AE782EFA883700B0EF3A /* Sources */ = {
			isa = PBXSourcesBuildPhase;
			buildActionMask = 2147483647;
			files = (
				72D7AE8F2EFA885700B0EF3A /* OneMoreDrawApp.swift in Sources */,
				72D7AE9A2EFA888700B0EF3A /* View+Extensions.swift in Sources */,
				72D7AE9B2EFA888700B0EF3A /* Color+Extensions.swift in Sources */,
				72D7AE9C2EFA888700B0EF3A /* ShapeStyle+Extensions.swift in Sources */,
				72D7AE9D2EFA888700B0EF3A /* OMLaunchView.swift in Sources */,
				72D7AE9E2EFA888700B0EF3A /* OMHomeWebView.swift in Sources */,
			);
			runOnlyForDeploymentPostprocessing = 0;
		};
/* End PBXSourcesBuildPhase section */

/* Begin XCBuildConfiguration section */
		72D7AE862EFA883800B0EF3A /* Debug */ = {
			isa = XCBuildConfiguration;
			buildSettings = {
				ALWAYS_SEARCH_USER_PATHS = NO;
				ASSETCATALOG_COMPILER_GENERATE_SWIFT_ASSET_SYMBOL_EXTENSIONS = YES;
				CLANG_ANALYZER_NONNULL = YES;
				CLANG_ANALYZER_NUMBER_OBJECT_CONVERSION = YES_AGGRESSIVE;
				CLANG_CXX_LANGUAGE_STANDARD = "gnu++20";
				CLANG_ENABLE_MODULES = YES;
				CLANG_ENABLE_OBJC_ARC = YES;
				CLANG_ENABLE_OBJC_WEAK = YES;
				CLANG_WARN_BLOCK_CAPTURE_AUTORELEASING = YES;
				CLANG_WARN_BOOL_CONVERSION = YES;
				CLANG_WARN_COMMA = YES;
				CLANG_WARN_CONSTANT_CONVERSION = YES;
				CLANG_WARN_DEPRECATED_OBJC_IMPLEMENTATIONS = YES;
				CLANG_WARN_DIRECT_OBJC_ISA_USAGE = YES_ERROR;
				CLANG_WARN_DOCUMENTATION_COMMENTS = YES;
				CLANG_WARN_EMPTY_BODY = YES;
				CLANG_WARN_ENUM_CONVERSION = YES;
				CLANG_WARN_INFINITE_RECURSION = YES;
				CLANG_WARN_INT_CONVERSION = YES;
				CLANG_WARN_NON_LITERAL_NULL_CONVERSION = YES;
				CLANG_WARN_OBJC_IMPLICIT_RETAIN_SELF = YES;
				CLANG_WARN_OBJC_LITERAL_CONVERSION = YES;
				CLANG_WARN_OBJC_ROOT_CLASS = YES_ERROR;
				CLANG_WARN_QUOTED_INCLUDE_IN_FRAMEWORK_HEADER = YES;
				CLANG_WARN_RANGE_LOOP_ANALYSIS = YES;
				CLANG_WARN_STRICT_PROTOTYPES = YES;
				CLANG_WARN_SUSPICIOUS_MOVE = YES;
				CLANG_WARN_UNGUARDED_AVAILABILITY = YES_AGGRESSIVE;
				CLANG_WARN_UNREACHABLE_CODE = YES;
				CLANG_WARN__DUPLICATE_METHOD_MATCH = YES;
				COPY_PHASE_STRIP = NO;
				DEBUG_INFORMATION_FORMAT = dwarf;
				DEVELOPMENT_TEAM = 99Y7AUQG6Y;
				ENABLE_STRICT_OBJC_MSGSEND = YES;
				ENABLE_TESTABILITY = YES;
				ENABLE_USER_SCRIPT_SANDBOXING = YES;
				GCC_C_LANGUAGE_STANDARD = gnu17;
				GCC_DYNAMIC_NO_PIC = NO;
				GCC_NO_COMMON_BLOCKS = YES;
				GCC_OPTIMIZATION_LEVEL = 0;
				GCC_PREPROCESSOR_DEFINITIONS = (
					"DEBUG=1",
					"$(inherited)",
				);
				GCC_WARN_64_TO_32_BIT_CONVERSION = YES;
				GCC_WARN_ABOUT_RETURN_TYPE = YES_ERROR;
				GCC_WARN_UNDECLARED_SELECTOR = YES;
				GCC_WARN_UNINITIALIZED_AUTOS = YES_AGGRESSIVE;
				GCC_WARN_UNUSED_FUNCTION = YES;
				GCC_WARN_UNUSED_VARIABLE = YES;
				LOCALIZATION_PREFERS_STRING_CATALOGS = YES;
				MTL_ENABLE_DEBUG_INFO = INCLUDE_SOURCE;
				MTL_FAST_MATH = YES;
				ONLY_ACTIVE_ARCH = YES;
				SWIFT_ACTIVE_COMPILATION_CONDITIONS = "DEBUG $(inherited)";
				SWIFT_OPTIMIZATION_LEVEL = "-Onone";
			};
			name = Debug;
		};
		72D7AE872EFA883800B0EF3A /* Release */ = {
			isa = XCBuildConfiguration;
			buildSettings = {
				ALWAYS_SEARCH_USER_PATHS = NO;
				ASSETCATALOG_COMPILER_GENERATE_SWIFT_ASSET_SYMBOL_EXTENSIONS = YES;
				CLANG_ANALYZER_NONNULL = YES;
				CLANG_ANALYZER_NUMBER_OBJECT_CONVERSION = YES_AGGRESSIVE;
				CLANG_CXX_LANGUAGE_STANDARD = "gnu++20";
				CLANG_ENABLE_MODULES = YES;
				CLANG_ENABLE_OBJC_ARC = YES;
				CLANG_ENABLE_OBJC_WEAK = YES;
				CLANG_WARN_BLOCK_CAPTURE_AUTORELEASING = YES;
				CLANG_WARN_BOOL_CONVERSION = YES;
				CLANG_WARN_COMMA = YES;
				CLANG_WARN_CONSTANT_CONVERSION = YES;
				CLANG_WARN_DEPRECATED_OBJC_IMPLEMENTATIONS = YES;
				CLANG_WARN_DIRECT_OBJC_ISA_USAGE = YES_ERROR;
				CLANG_WARN_DOCUMENTATION_COMMENTS = YES;
				CLANG_WARN_EMPTY_BODY = YES;
				CLANG_WARN_ENUM_CONVERSION = YES;
				CLANG_WARN_INFINITE_RECURSION = YES;
				CLANG_WARN_INT_CONVERSION = YES;
				CLANG_WARN_NON_LITERAL_NULL_CONVERSION = YES;
				CLANG_WARN_OBJC_IMPLICIT_RETAIN_SELF = YES;
				CLANG_WARN_OBJC_LITERAL_CONVERSION = YES;
				CLANG_WARN_OBJC_ROOT_CLASS = YES_ERROR;
				CLANG_WARN_QUOTED_INCLUDE_IN_FRAMEWORK_HEADER = YES;
				CLANG_WARN_RANGE_LOOP_ANALYSIS = YES;
				CLANG_WARN_STRICT_PROTOTYPES = YES;
				CLANG_WARN_SUSPICIOUS_MOVE = YES;
				CLANG_WARN_UNGUARDED_AVAILABILITY = YES_AGGRESSIVE;
				CLANG_WARN_UNREACHABLE_CODE = YES;
				CLANG_WARN__DUPLICATE_METHOD_MATCH = YES;
				COPY_PHASE_STRIP = NO;
				DEBUG_INFORMATION_FORMAT = "dwarf-with-dsym";
				DEVELOPMENT_TEAM = 99Y7AUQG6Y;
				ENABLE_NS_ASSERTIONS = NO;
				ENABLE_STRICT_OBJC_MSGSEND = YES;
				ENABLE_USER_SCRIPT_SANDBOXING = YES;
				GCC_C_LANGUAGE_STANDARD = gnu17;
				GCC_NO_COMMON_BLOCKS = YES;
				GCC_WARN_64_TO_32_BIT_CONVERSION = YES;
				GCC_WARN_ABOUT_RETURN_TYPE = YES_ERROR;
				GCC_WARN_UNDECLARED_SELECTOR = YES;
				GCC_WARN_UNINITIALIZED_AUTOS = YES_AGGRESSIVE;
				GCC_WARN_UNUSED_FUNCTION = YES;
				GCC_WARN_UNUSED_VARIABLE = YES;
				LOCALIZATION_PREFERS_STRING_CATALOGS = YES;
				MTL_ENABLE_DEBUG_INFO = NO;
				MTL_FAST_MATH = YES;
				SWIFT_COMPILATION_MODE = wholemodule;
			};
			name = Release;
		};
		72D7AE892EFA883800B0EF3A /* Debug */ = {
			isa = XCBuildConfiguration;
			baseConfigurationReference = 733CA99F455BAAE3FECEBCBA /* Pods-OneMoreDraw.debug.xcconfig */;
			buildSettings = {
				ASSETCATALOG_COMPILER_APPICON_NAME = AppIcon;
				ASSETCATALOG_COMPILER_GLOBAL_ACCENT_COLOR_NAME = AccentColor;
				CODE_SIGN_STYLE = Automatic;
				CURRENT_PROJECT_VERSION = 1;
				DEVELOPMENT_TEAM = 99Y7AUQG6Y;
				ENABLE_HARDENED_RUNTIME = YES;
				ENABLE_PREVIEWS = YES;
				GENERATE_INFOPLIST_FILE = YES;
				INFOPLIST_FILE = OneMoreDraw/Info.plist;
				INFOPLIST_KEY_CFBundleDisplayName = "One More Draw";
				"INFOPLIST_KEY_UIApplicationSceneManifest_Generation[sdk=iphoneos*]" = YES;
				"INFOPLIST_KEY_UIApplicationSceneManifest_Generation[sdk=iphonesimulator*]" = YES;
				"INFOPLIST_KEY_UIApplicationSupportsIndirectInputEvents[sdk=iphoneos*]" = YES;
				"INFOPLIST_KEY_UIApplicationSupportsIndirectInputEvents[sdk=iphonesimulator*]" = YES;
				"INFOPLIST_KEY_UILaunchScreen_Generation[sdk=iphoneos*]" = YES;
				"INFOPLIST_KEY_UILaunchScreen_Generation[sdk=iphonesimulator*]" = YES;
				"INFOPLIST_KEY_UIStatusBarStyle[sdk=iphoneos*]" = UIStatusBarStyleDefault;
				"INFOPLIST_KEY_UIStatusBarStyle[sdk=iphonesimulator*]" = UIStatusBarStyleDefault;
				INFOPLIST_KEY_UISupportedInterfaceOrientations = UIInterfaceOrientationPortrait;
				INFOPLIST_KEY_UISupportedInterfaceOrientations_iPad = "UIInterfaceOrientationLandscapeLeft UIInterfaceOrientationLandscapeRight UIInterfaceOrientationPortrait UIInterfaceOrientationPortraitUpsideDown";
				IPHONEOS_DEPLOYMENT_TARGET = 15.0;
				LD_RUNPATH_SEARCH_PATHS = "@executable_path/Frameworks";
				"LD_RUNPATH_SEARCH_PATHS[sdk=macosx*]" = "@executable_path/../Frameworks";
				MACOSX_DEPLOYMENT_TARGET = 15.4;
				MARKETING_VERSION = 1.0;
				PRODUCT_BUNDLE_IDENTIFIER = com.honcharproj.app;
				PRODUCT_NAME = "$(TARGET_NAME)";
				REGISTER_APP_GROUPS = YES;
				SDKROOT = auto;
				SUPPORTED_PLATFORMS = "iphoneos iphonesimulator";
				SUPPORTS_MACCATALYST = NO;
				SWIFT_EMIT_LOC_STRINGS = YES;
				SWIFT_VERSION = 5.0;
				TARGETED_DEVICE_FAMILY = 1;
				XROS_DEPLOYMENT_TARGET = 2.4;
			};
			name = Debug;
		};
		72D7AE8A2EFA883800B0EF3A /* Release */ = {
			isa = XCBuildConfiguration;
			baseConfigurationReference = F3627B6C11B0E2B09F0A797D /* Pods-OneMoreDraw.release.xcconfig */;
			buildSettings = {
				ASSETCATALOG_COMPILER_APPICON_NAME = AppIcon;
				ASSETCATALOG_COMPILER_GLOBAL_ACCENT_COLOR_NAME = AccentColor;
				CODE_SIGN_STYLE = Automatic;
				CURRENT_PROJECT_VERSION = 1;
				DEVELOPMENT_TEAM = 99Y7AUQG6Y;
				ENABLE_HARDENED_RUNTIME = YES;
				ENABLE_PREVIEWS = YES;
				GENERATE_INFOPLIST_FILE = YES;
				INFOPLIST_FILE = OneMoreDraw/Info.plist;
				INFOPLIST_KEY_CFBundleDisplayName = "One More Draw";
				"INFOPLIST_KEY_UIApplicationSceneManifest_Generation[sdk=iphoneos*]" = YES;
				"INFOPLIST_KEY_UIApplicationSceneManifest_Generation[sdk=iphonesimulator*]" = YES;
				"INFOPLIST_KEY_UIApplicationSupportsIndirectInputEvents[sdk=iphoneos*]" = YES;
				"INFOPLIST_KEY_UIApplicationSupportsIndirectInputEvents[sdk=iphonesimulator*]" = YES;
				"INFOPLIST_KEY_UILaunchScreen_Generation[sdk=iphoneos*]" = YES;
				"INFOPLIST_KEY_UILaunchScreen_Generation[sdk=iphonesimulator*]" = YES;
				"INFOPLIST_KEY_UIStatusBarStyle[sdk=iphoneos*]" = UIStatusBarStyleDefault;
				"INFOPLIST_KEY_UIStatusBarStyle[sdk=iphonesimulator*]" = UIStatusBarStyleDefault;
				INFOPLIST_KEY_UISupportedInterfaceOrientations = UIInterfaceOrientationPortrait;
				INFOPLIST_KEY_UISupportedInterfaceOrientations_iPad = "UIInterfaceOrientationLandscapeLeft UIInterfaceOrientationLandscapeRight UIInterfaceOrientationPortrait UIInterfaceOrientationPortraitUpsideDown";
				IPHONEOS_DEPLOYMENT_TARGET = 15.0;
				LD_RUNPATH_SEARCH_PATHS = "@executable_path/Frameworks";
				"LD_RUNPATH_SEARCH_PATHS[sdk=macosx*]" = "@executable_path/../Frameworks";
				MACOSX_DEPLOYMENT_TARGET = 15.4;
				MARKETING_VERSION = 1.0;
				PRODUCT_BUNDLE_IDENTIFIER = com.honcharproj.app;
				PRODUCT_NAME = "$(TARGET_NAME)";
				REGISTER_APP_GROUPS = YES;
				SDKROOT = auto;
				SUPPORTED_PLATFORMS = "iphoneos iphonesimulator";
				SUPPORTS_MACCATALYST = NO;
				SWIFT_EMIT_LOC_STRINGS = YES;
				SWIFT_VERSION = 5.0;
				TARGETED_DEVICE_FAMILY = 1;
				XROS_DEPLOYMENT_TARGET = 2.4;
			};
			name = Release;
		};
/* End XCBuildConfiguration section */

/* Begin XCConfigurationList section */
		72D7AE772EFA883700B0EF3A /* Build configuration list for PBXProject "OneMoreDraw" */ = {
			isa = XCConfigurationList;
			buildConfigurations = (
				72D7AE862EFA883800B0EF3A /* Debug */,
				72D7AE872EFA883800B0EF3A /* Release */,
			);
			defaultConfigurationIsVisible = 0;
			defaultConfigurationName = Release;
		};
		72D7AE882EFA883800B0EF3A /* Build configuration list for PBXNativeTarget "OneMoreDraw" */ = {
			isa = XCConfigurationList;
			buildConfigurations = (
				72D7AE892EFA883800B0EF3A /* Debug */,
				72D7AE8A2EFA883800B0EF3A /* Release */,
			);
			defaultConfigurationIsVisible = 0;
			defaultConfigurationName = Release;
		};
/* End XCConfigurationList section */
	};
	rootObject = 72D7AE742EFA883700B0EF3A /* Project object */;
}
